
Microsoft Visual Studio Solution File, Format Version 12.00
# Visual Studio Version 17
VisualStudioVersion = 17.5.002.0
MinimumVisualStudioVersion = 10.0.40219.1
Project("{9A19103F-16F7-4668-BE54-9A1E7A4F7556}") = "lecturelab5", "lecturelab5.csproj", "{6C137778-EEA9-4D59-A817-FEC544082601}"
EndProject
Global
	GlobalSection(SolutionConfigurationPlatforms) = preSolution
		Debug|Any CPU = Debug|Any CPU
		Release|Any CPU = Release|Any CPU
	EndGlobalSection
	GlobalSection(ProjectConfigurationPlatforms) = postSolution
		{6C137778-EEA9-4D59-A817-FEC544082601}.Debug|Any CPU.ActiveCfg = Debug|Any CPU
		{6C137778-EEA9-4D59-A817-FEC544082601}.Debug|Any CPU.Build.0 = Debug|Any CPU
		{6C137778-EEA9-4D59-A817-FEC544082601}.Release|Any CPU.ActiveCfg = Release|Any CPU
		{6C137778-EEA9-4D59-A817-FEC544082601}.Release|Any CPU.Build.0 = Release|Any CPU
	EndGlobalSection
	GlobalSection(SolutionProperties) = preSolution
		HideSolutionNode = FALSE
	EndGlobalSection
	GlobalSection(ExtensibilityGlobals) = postSolution
		SolutionGuid = {F8E3B8A2-E963-47B9-8A9F-42BEE854A9C4}
	EndGlobalSection
EndGlobal
